// !$*UTF8*$!
{
	archiveVersion = 1;
	classes = {
	};
	objectVersion = 46;
	objects = {

/* Begin PBXBuildFile section */
		DC2361E31B0F66C700BC853D /* drumLoop.caf in Resources */ = {isa = PBXBuildFile; fileRef = DC2361E11B0F66C700BC853D /* drumLoop.caf */; };
		DC2361E41B0F66C700BC853D /* marimbaLoop.caf in Resources */ = {isa = PBXBuildFile; fileRef = DC2361E21B0F66C700BC853D /* marimbaLoop.caf */; };
		DC2361E81B0F6C1A00BC853D /* zz@2x.png in Resources */ = {isa = PBXBuildFile; fileRef = DC2361E71B0F6C1A00BC853D /* zz@2x.png */; };
		DC2361F31B0F6D5300BC853D /* 1.mp3 in Resources */ = {isa = PBXBuildFile; fileRef = DC2361EA1B0F6D5300BC853D /* 1.mp3 */; };
		DC2361F41B0F6D5300BC853D /* 2.mp3 in Resources */ = {isa = PBXBuildFile; fileRef = DC2361EB1B0F6D5300BC853D /* 2.mp3 */; };
		DC2361F51B0F6D5300BC853D /* 3.mp3 in Resources */ = {isa = PBXBuildFile; fileRef = DC2361EC1B0F6D5300BC853D /* 3.mp3 */; };
		DC2361F61B0F6D5300BC853D /* 4.mp3 in Resources */ = {isa = PBXBuildFile; fileRef = DC2361ED1B0F6D5300BC853D /* 4.mp3 */; };
		DC2361F71B0F6D5300BC853D /* 5.mp3 in Resources */ = {isa = PBXBuildFile; fileRef = DC2361EE1B0F6D5300BC853D /* 5.mp3 */; };
		DC2361F81B0F6D5300BC853D /* m1.mp3 in Resources */ = {isa = PBXBuildFile; fileRef = DC2361F01B0F6D5300BC853D /* m1.mp3 */; };
		DC2361F91B0F6D5300BC853D /* m2.mp3 in Resources */ = {isa = PBXBuildFile; fileRef = DC2361F11B0F6D5300BC853D /* m2.mp3 */; };
		DC2361FA1B0F6D5300BC853D /* m3.mp3 in Resources */ = {isa = PBXBuildFile; fileRef = DC2361F21B0F6D5300BC853D /* m3.mp3 */; };
		DC5357D41B0DC19600AC3D6D /* main.m in Sources */ = {isa = PBXBuildFile; fileRef = DC5357D31B0DC19600AC3D6D /* main.m */; };
		DC5357D71B0DC19600AC3D6D /* AppDelegate.m in Sources */ = {isa = PBXBuildFile; fileRef = DC5357D61B0DC19600AC3D6D /* AppDelegate.m */; };
		DC5357DA1B0DC19600AC3D6D /* ViewController.m in Sources */ = {isa = PBXBuildFile; fileRef = DC5357D91B0DC19600AC3D6D /* ViewController.m */; };
		DC5357DD1B0DC19600AC3D6D /* Main.storyboard in Resources */ = {isa = PBXBuildFile; fileRef = DC5357DB1B0DC19600AC3D6D /* Main.storyboard */; };
		DC5357DF1B0DC19600AC3D6D /* Images.xcassets in Resources */ = {isa = PBXBuildFile; fileRef = DC5357DE1B0DC19600AC3D6D /* Images.xcassets */; };
		DC5357E21B0DC19600AC3D6D /* LaunchScreen.xib in Resources */ = {isa = PBXBuildFile; fileRef = DC5357E01B0DC19600AC3D6D /* LaunchScreen.xib */; };
		DC5357EE1B0DC19600AC3D6D /* MidiTests.m in Sources */ = {isa = PBXBuildFile; fileRef = DC5357ED1B0DC19600AC3D6D /* MidiTests.m */; };
		DC5358081B0DC2F800AC3D6D /* black light-01.png in Resources */ = {isa = PBXBuildFile; fileRef = DC5357FF1B0DC2F800AC3D6D /* black light-01.png */; };
		DC5358091B0DC2F800AC3D6D /* dph-01.png in Resources */ = {isa = PBXBuildFile; fileRef = DC5358001B0DC2F800AC3D6D /* dph-01.png */; };
		DC53580A1B0DC2F800AC3D6D /* ttu-01.png in Resources */ = {isa = PBXBuildFile; fileRef = DC5358011B0DC2F800AC3D6D /* ttu-01.png */; };
		DC53580B1B0DC2F800AC3D6D /* midi1.png in Resources */ = {isa = PBXBuildFile; fileRef = DC5358031B0DC2F800AC3D6D /* midi1.png */; };
		DC53580C1B0DC2F800AC3D6D /* midi2.png in Resources */ = {isa = PBXBuildFile; fileRef = DC5358041B0DC2F800AC3D6D /* midi2.png */; };
		DC53580D1B0DC2F800AC3D6D /* midi3.png in Resources */ = {isa = PBXBuildFile; fileRef = DC5358051B0DC2F800AC3D6D /* midi3.png */; };
		DC53580E1B0DC2F800AC3D6D /* midi3yuan-01.png in Resources */ = {isa = PBXBuildFile; fileRef = DC5358061B0DC2F800AC3D6D /* midi3yuan-01.png */; };
		DC53580F1B0DC2F800AC3D6D /* midi4.png in Resources */ = {isa = PBXBuildFile; fileRef = DC5358071B0DC2F800AC3D6D /* midi4.png */; };
		DC53581A1B0DC31400AC3D6D /* 1.mp3 in Resources */ = {isa = PBXBuildFile; fileRef = DC5358121B0DC31400AC3D6D /* 1.mp3 */; };
		DC53581B1B0DC31400AC3D6D /* 2.mp3 in Resources */ = {isa = PBXBuildFile; fileRef = DC5358131B0DC31400AC3D6D /* 2.mp3 */; };
		DC53581C1B0DC31400AC3D6D /* 3.mp3 in Resources */ = {isa = PBXBuildFile; fileRef = DC5358141B0DC31400AC3D6D /* 3.mp3 */; };
		DC53581D1B0DC31400AC3D6D /* 4.mp3 in Resources */ = {isa = PBXBuildFile; fileRef = DC5358151B0DC31400AC3D6D /* 4.mp3 */; };
		DC53581E1B0DC31400AC3D6D /* 5.mp3 in Resources */ = {isa = PBXBuildFile; fileRef = DC5358161B0DC31400AC3D6D /* 5.mp3 */; };
		DC53581F1B0DC31400AC3D6D /* Black Light.mp3 in Resources */ = {isa = PBXBuildFile; fileRef = DC5358171B0DC31400AC3D6D /* Black Light.mp3 */; };
		DC5358201B0DC31400AC3D6D /* DPH.wav in Resources */ = {isa = PBXBuildFile; fileRef = DC5358181B0DC31400AC3D6D /* DPH.wav */; };
		DC5358211B0DC31400AC3D6D /* TTU (Too Turnt Up).mp3 in Resources */ = {isa = PBXBuildFile; fileRef = DC5358191B0DC31400AC3D6D /* TTU (Too Turnt Up).mp3 */; };
		DC5358251B0DC6B000AC3D6D /* MHRotaryKnob.m in Sources */ = {isa = PBXBuildFile; fileRef = DC5358241B0DC6B000AC3D6D /* MHRotaryKnob.m */; };
		DC53582C1B0DCCFB00AC3D6D /* QuartzCore.framework in Frameworks */ = {isa = PBXBuildFile; fileRef = DC53582B1B0DCCFB00AC3D6D /* QuartzCore.framework */; };
		DC53582E1B0DCFFD00AC3D6D /* CoreBluetooth.framework in Frameworks */ = {isa = PBXBuildFile; fileRef = DC53582D1B0DCFFD00AC3D6D /* CoreBluetooth.framework */; };
		DC5358301B0DD00500AC3D6D /* AVFoundation.framework in Frameworks */ = {isa = PBXBuildFile; fileRef = DC53582F1B0DD00500AC3D6D /* AVFoundation.framework */; };
		DC53583B1B0DD1B100AC3D6D /* BLEDevice.m in Sources */ = {isa = PBXBuildFile; fileRef = DC5358341B0DD1B100AC3D6D /* BLEDevice.m */; };
		DC53583C1B0DD1B100AC3D6D /* BLEUtility.m in Sources */ = {isa = PBXBuildFile; fileRef = DC5358361B0DD1B100AC3D6D /* BLEUtility.m */; };
		DC53583D1B0DD1B100AC3D6D /* DFBlunoDevice.m in Sources */ = {isa = PBXBuildFile; fileRef = DC5358381B0DD1B100AC3D6D /* DFBlunoDevice.m */; };
		DC53583E1B0DD1B100AC3D6D /* DFBlunoManager.m in Sources */ = {isa = PBXBuildFile; fileRef = DC53583A1B0DD1B100AC3D6D /* DFBlunoManager.m */; };
		DC5358451B0E2D9000AC3D6D /* AudioEngine.m in Sources */ = {isa = PBXBuildFile; fileRef = DC5358441B0E2D9000AC3D6D /* AudioEngine.m */; };
		DC5358501B0E412900AC3D6D /* bass_guitar1.wav in Resources */ = {isa = PBXBuildFile; fileRef = DC5358461B0E412900AC3D6D /* bass_guitar1.wav */; };
		DC5358511B0E412900AC3D6D /* bass_guitar2.wav in Resources */ = {isa = PBXBuildFile; fileRef = DC5358471B0E412900AC3D6D /* bass_guitar2.wav */; };
		DC5358521B0E412900AC3D6D /* bass_guitar3.wav in Resources */ = {isa = PBXBuildFile; fileRef = DC5358481B0E412900AC3D6D /* bass_guitar3.wav */; };
		DC5358531B0E412900AC3D6D /* bass_guitar4.wav in Resources */ = {isa = PBXBuildFile; fileRef = DC5358491B0E412900AC3D6D /* bass_guitar4.wav */; };
		DC5358541B0E412900AC3D6D /* bass_guitar5.wav in Resources */ = {isa = PBXBuildFile; fileRef = DC53584A1B0E412900AC3D6D /* bass_guitar5.wav */; };
		DC5358551B0E412900AC3D6D /* electric_guitar.wav in Resources */ = {isa = PBXBuildFile; fileRef = DC53584B1B0E412900AC3D6D /* electric_guitar.wav */; };
		DC5358561B0E412900AC3D6D /* electric_guitar1.wav in Resources */ = {isa = PBXBuildFile; fileRef = DC53584C1B0E412900AC3D6D /* electric_guitar1.wav */; };
		DC5358571B0E412900AC3D6D /* electric_guitar2.wav in Resources */ = {isa = PBXBuildFile; fileRef = DC53584D1B0E412900AC3D6D /* electric_guitar2.wav */; };
		DC5358581B0E412900AC3D6D /* electric_guitar3.wav in Resources */ = {isa = PBXBuildFile; fileRef = DC53584E1B0E412900AC3D6D /* electric_guitar3.wav */; };
		DC5358591B0E412900AC3D6D /* electric_guitar4.wav in Resources */ = {isa = PBXBuildFile; fileRef = DC53584F1B0E412900AC3D6D /* electric_guitar4.wav */; };
		DC53585D1B0E428000AC3D6D /* guitdo.wav in Resources */ = {isa = PBXBuildFile; fileRef = DC53585C1B0E428000AC3D6D /* guitdo.wav */; };
/* End PBXBuildFile section */

/* Begin PBXContainerItemProxy section */
		DC5357E81B0DC19600AC3D6D /* PBXContainerItemProxy */ = {
			isa = PBXContainerItemProxy;
			containerPortal = DC5357C61B0DC19600AC3D6D /* Project object */;
			proxyType = 1;
			remoteGlobalIDString = DC5357CD1B0DC19600AC3D6D;
			remoteInfo = Midi;
		};
/* End PBXContainerItemProxy section */

/* Begin PBXFileReference section */
		DC2361E11B0F66C700BC853D /* drumLoop.caf */ = {isa = PBXFileReference; lastKnownFileType = file; path = drumLoop.caf; sourceTree = "<group>"; };
		DC2361E21B0F66C700BC853D /* marimbaLoop.caf */ = {isa = PBXFileReference; lastKnownFileType = file; path = marimbaLoop.caf; sourceTree = "<group>"; };
		DC2361E71B0F6C1A00BC853D /* zz@2x.png */ = {isa = PBXFileReference; lastKnownFileType = image.png; path = "zz@2x.png"; sourceTree = "<group>"; };
		DC2361EA1B0F6D5300BC853D /* 1.mp3 */ = {isa = PBXFileReference; lastKnownFileType = audio.mp3; path = 1.mp3; sourceTree = "<group>"; };
		DC2361EB1B0F6D5300BC853D /* 2.mp3 */ = {isa = PBXFileReference; lastKnownFileType = audio.mp3; path = 2.mp3; sourceTree = "<group>"; };
		DC2361EC1B0F6D5300BC853D /* 3.mp3 */ = {isa = PBXFileReference; lastKnownFileType = audio.mp3; path = 3.mp3; sourceTree = "<group>"; };
		DC2361ED1B0F6D5300BC853D /* 4.mp3 */ = {isa = PBXFileReference; lastKnownFileType = audio.mp3; path = 4.mp3; sourceTree = "<group>"; };
		DC2361EE1B0F6D5300BC853D /* 5.mp3 */ = {isa = PBXFileReference; lastKnownFileType = audio.mp3; path = 5.mp3; sourceTree = "<group>"; };
		DC2361F01B0F6D5300BC853D /* m1.mp3 */ = {isa = PBXFileReference; lastKnownFileType = audio.mp3; path = m1.mp3; sourceTree = "<group>"; };
		DC2361F11B0F6D5300BC853D /* m2.mp3 */ = {isa = PBXFileReference; lastKnownFileType = audio.mp3; path = m2.mp3; sourceTree = "<group>"; };
		DC2361F21B0F6D5300BC853D /* m3.mp3 */ = {isa = PBXFileReference; lastKnownFileType = audio.mp3; path = m3.mp3; sourceTree = "<group>"; };
		DC5357CE1B0DC19600AC3D6D /* Midi.app */ = {isa = PBXFileReference; explicitFileType = wrapper.application; includeInIndex = 0; path = Midi.app; sourceTree = BUILT_PRODUCTS_DIR; };
		DC5357D21B0DC19600AC3D6D /* Info.plist */ = {isa = PBXFileReference; lastKnownFileType = text.plist.xml; path = Info.plist; sourceTree = "<group>"; };
		DC5357D31B0DC19600AC3D6D /* main.m */ = {isa = PBXFileReference; lastKnownFileType = sourcecode.c.objc; path = main.m; sourceTree = "<group>"; };
		DC5357D51B0DC19600AC3D6D /* AppDelegate.h */ = {isa = PBXFileReference; lastKnownFileType = sourcecode.c.h; path = AppDelegate.h; sourceTree = "<group>"; };
		DC5357D61B0DC19600AC3D6D /* AppDelegate.m */ = {isa = PBXFileReference; lastKnownFileType = sourcecode.c.objc; path = AppDelegate.m; sourceTree = "<group>"; };
		DC5357D81B0DC19600AC3D6D /* ViewController.h */ = {isa = PBXFileReference; lastKnownFileType = sourcecode.c.h; path = ViewController.h; sourceTree = "<group>"; };
		DC5357D91B0DC19600AC3D6D /* ViewController.m */ = {isa = PBXFileReference; lastKnownFileType = sourcecode.c.objc; path = ViewController.m; sourceTree = "<group>"; };
		DC5357DC1B0DC19600AC3D6D /* Base */ = {isa = PBXFileReference; lastKnownFileType = file.storyboard; name = Base; path = Base.lproj/Main.storyboard; sourceTree = "<group>"; };
		DC5357DE1B0DC19600AC3D6D /* Images.xcassets */ = {isa = PBXFileReference; lastKnownFileType = folder.assetcatalog; path = Images.xcassets; sourceTree = "<group>"; };
		DC5357E11B0DC19600AC3D6D /* Base */ = {isa = PBXFileReference; lastKnownFileType = file.xib; name = Base; path = Base.lproj/LaunchScreen.xib; sourceTree = "<group>"; };
		DC5357E71B0DC19600AC3D6D /* MidiTests.xctest */ = {isa = PBXFileReference; explicitFileType = wrapper.cfbundle; includeInIndex = 0; path = MidiTests.xctest; sourceTree = BUILT_PRODUCTS_DIR; };
		DC5357EC1B0DC19600AC3D6D /* Info.plist */ = {isa = PBXFileReference; lastKnownFileType = text.plist.xml; path = Info.plist; sourceTree = "<group>"; };
		DC5357ED1B0DC19600AC3D6D /* MidiTests.m */ = {isa = PBXFileReference; lastKnownFileType = sourcecode.c.objc; path = MidiTests.m; sourceTree = "<group>"; };
		DC5357FF1B0DC2F800AC3D6D /* black light-01.png */ = {isa = PBXFileReference; lastKnownFileType = image.png; path = "black light-01.png"; sourceTree = "<group>"; };
		DC5358001B0DC2F800AC3D6D /* dph-01.png */ = {isa = PBXFileReference; lastKnownFileType = image.png; path = "dph-01.png"; sourceTree = "<group>"; };
		DC5358011B0DC2F800AC3D6D /* ttu-01.png */ = {isa = PBXFileReference; lastKnownFileType = image.png; path = "ttu-01.png"; sourceTree = "<group>"; };
		DC5358031B0DC2F800AC3D6D /* midi1.png */ = {isa = PBXFileReference; lastKnownFileType = image.png; path = midi1.png; sourceTree = "<group>"; };
		DC5358041B0DC2F800AC3D6D /* midi2.png */ = {isa = PBXFileReference; lastKnownFileType = image.png; path = midi2.png; sourceTree = "<group>"; };
		DC5358051B0DC2F800AC3D6D /* midi3.png */ = {isa = PBXFileReference; lastKnownFileType = image.png; path = midi3.png; sourceTree = "<group>"; };
		DC5358061B0DC2F800AC3D6D /* midi3yuan-01.png */ = {isa = PBXFileReference; lastKnownFileType = image.png; path = "midi3yuan-01.png"; sourceTree = "<group>"; };
		DC5358071B0DC2F800AC3D6D /* midi4.png */ = {isa = PBXFileReference; lastKnownFileType = image.png; path = midi4.png; sourceTree = "<group>"; };
		DC5358121B0DC31400AC3D6D /* 1.mp3 */ = {isa = PBXFileReference; lastKnownFileType = audio.mp3; path = 1.mp3; sourceTree = "<group>"; };
		DC5358131B0DC31400AC3D6D /* 2.mp3 */ = {isa = PBXFileReference; lastKnownFileType = audio.mp3; path = 2.mp3; sourceTree = "<group>"; };
		DC5358141B0DC31400AC3D6D /* 3.mp3 */ = {isa = PBXFileReference; lastKnownFileType = audio.mp3; path = 3.mp3; sourceTree = "<group>"; };
		DC5358151B0DC31400AC3D6D /* 4.mp3 */ = {isa = PBXFileReference; lastKnownFileType = audio.mp3; path = 4.mp3; sourceTree = "<group>"; };
		DC5358161B0DC31400AC3D6D /* 5.mp3 */ = {isa = PBXFileReference; lastKnownFileType = audio.mp3; path = 5.mp3; sourceTree = "<group>"; };
		DC5358171B0DC31400AC3D6D /* Black Light.mp3 */ = {isa = PBXFileReference; lastKnownFileType = audio.mp3; path = "Black Light.mp3"; sourceTree = "<group>"; };
		DC5358181B0DC31400AC3D6D /* DPH.wav */ = {isa = PBXFileReference; lastKnownFileType = audio.wav; path = DPH.wav; sourceTree = "<group>"; };
		DC5358191B0DC31400AC3D6D /* TTU (Too Turnt Up).mp3 */ = {isa = PBXFileReference; lastKnownFileType = audio.mp3; path = "TTU (Too Turnt Up).mp3"; sourceTree = "<group>"; };
		DC5358231B0DC6B000AC3D6D /* MHRotaryKnob.h */ = {isa = PBXFileReference; fileEncoding = 4; lastKnownFileType = sourcecode.c.h; path = MHRotaryKnob.h; sourceTree = "<group>"; };
		DC5358241B0DC6B000AC3D6D /* MHRotaryKnob.m */ = {isa = PBXFileReference; fileEncoding = 4; lastKnownFileType = sourcecode.c.objc; path = MHRotaryKnob.m; sourceTree = "<group>"; };
		DC53582B1B0DCCFB00AC3D6D /* QuartzCore.framework */ = {isa = PBXFileReference; lastKnownFileType = wrapper.framework; name = QuartzCore.framework; path = System/Library/Frameworks/QuartzCore.framework; sourceTree = SDKROOT; };
		DC53582D1B0DCFFD00AC3D6D /* CoreBluetooth.framework */ = {isa = PBXFileReference; lastKnownFileType = wrapper.framework; name = CoreBluetooth.framework; path = System/Library/Frameworks/CoreBluetooth.framework; sourceTree = SDKROOT; };
		DC53582F1B0DD00500AC3D6D /* AVFoundation.framework */ = {isa = PBXFileReference; lastKnownFileType = wrapper.framework; name = AVFoundation.framework; path = System/Library/Frameworks/AVFoundation.framework; sourceTree = SDKROOT; };
		DC5358331B0DD1B100AC3D6D /* BLEDevice.h */ = {isa = PBXFileReference; fileEncoding = 4; lastKnownFileType = sourcecode.c.h; path = BLEDevice.h; sourceTree = "<group>"; };
		DC5358341B0DD1B100AC3D6D /* BLEDevice.m */ = {isa = PBXFileReference; fileEncoding = 4; lastKnownFileType = sourcecode.c.objc; path = BLEDevice.m; sourceTree = "<group>"; };
		DC5358351B0DD1B100AC3D6D /* BLEUtility.h */ = {isa = PBXFileReference; fileEncoding = 4; lastKnownFileType = sourcecode.c.h; path = BLEUtility.h; sourceTree = "<group>"; };
		DC5358361B0DD1B100AC3D6D /* BLEUtility.m */ = {isa = PBXFileReference; fileEncoding = 4; lastKnownFileType = sourcecode.c.objc; path = BLEUtility.m; sourceTree = "<group>"; };
		DC5358371B0DD1B100AC3D6D /* DFBlunoDevice.h */ = {isa = PBXFileReference; fileEncoding = 4; lastKnownFileType = sourcecode.c.h; path = DFBlunoDevice.h; sourceTree = "<group>"; };
		DC5358381B0DD1B100AC3D6D /* DFBlunoDevice.m */ = {isa = PBXFileReference; fileEncoding = 4; lastKnownFileType = sourcecode.c.objc; path = DFBlunoDevice.m; sourceTree = "<group>"; };
		DC5358391B0DD1B100AC3D6D /* DFBlunoManager.h */ = {isa = PBXFileReference; fileEncoding = 4; lastKnownFileType = sourcecode.c.h; path = DFBlunoManager.h; sourceTree = "<group>"; };
		DC53583A1B0DD1B100AC3D6D /* DFBlunoManager.m */ = {isa = PBXFileReference; fileEncoding = 4; lastKnownFileType = sourcecode.c.objc; path = DFBlunoManager.m; sourceTree = "<group>"; };
		DC5358431B0E2D9000AC3D6D /* AudioEngine.h */ = {isa = PBXFileReference; fileEncoding = 4; lastKnownFileType = sourcecode.c.h; path = AudioEngine.h; sourceTree = "<group>"; };
		DC5358441B0E2D9000AC3D6D /* AudioEngine.m */ = {isa = PBXFileReference; fileEncoding = 4; lastKnownFileType = sourcecode.c.objc; path = AudioEngine.m; sourceTree = "<group>"; };
		DC5358461B0E412900AC3D6D /* bass_guitar1.wav */ = {isa = PBXFileReference; lastKnownFileType = audio.wav; path = bass_guitar1.wav; sourceTree = "<group>"; };
		DC5358471B0E412900AC3D6D /* bass_guitar2.wav */ = {isa = PBXFileReference; lastKnownFileType = audio.wav; path = bass_guitar2.wav; sourceTree = "<group>"; };
		DC5358481B0E412900AC3D6D /* bass_guitar3.wav */ = {isa = PBXFileReference; lastKnownFileType = audio.wav; path = bass_guitar3.wav; sourceTree = "<group>"; };
		DC5358491B0E412900AC3D6D /* bass_guitar4.wav */ = {isa = PBXFileReference; lastKnownFileType = audio.wav; path = bass_guitar4.wav; sourceTree = "<group>"; };
		DC53584A1B0E412900AC3D6D /* bass_guitar5.wav */ = {isa = PBXFileReference; lastKnownFileType = audio.wav; path = bass_guitar5.wav; sourceTree = "<group>"; };
		DC53584B1B0E412900AC3D6D /* electric_guitar.wav */ = {isa = PBXFileReference; lastKnownFileType = audio.wav; path = electric_guitar.wav; sourceTree = "<group>"; };
		DC53584C1B0E412900AC3D6D /* electric_guitar1.wav */ = {isa = PBXFileReference; lastKnownFileType = audio.wav; path = electric_guitar1.wav; sourceTree = "<group>"; };
		DC53584D1B0E412900AC3D6D /* electric_guitar2.wav */ = {isa = PBXFileReference; lastKnownFileType = audio.wav; path = electric_guitar2.wav; sourceTree = "<group>"; };
		DC53584E1B0E412900AC3D6D /* electric_guitar3.wav */ = {isa = PBXFileReference; lastKnownFileType = audio.wav; path = electric_guitar3.wav; sourceTree = "<group>"; };
		DC53584F1B0E412900AC3D6D /* electric_guitar4.wav */ = {isa = PBXFileReference; lastKnownFileType = audio.wav; path = electric_guitar4.wav; sourceTree = "<group>"; };
		DC53585C1B0E428000AC3D6D /* guitdo.wav */ = {isa = PBXFileReference; lastKnownFileType = audio.wav; path = guitdo.wav; sourceTree = "<group>"; };
/* End PBXFileReference section */

/* Begin PBXFrameworksBuildPhase section */
		DC5357CB1B0DC19600AC3D6D /* Frameworks */ = {
			isa = PBXFrameworksBuildPhase;
			buildActionMask = 2147483647;
			files = (
				DC5358301B0DD00500AC3D6D /* AVFoundation.framework in Frameworks */,
				DC53582E1B0DCFFD00AC3D6D /* CoreBluetooth.framework in Frameworks */,
				DC53582C1B0DCCFB00AC3D6D /* QuartzCore.framework in Frameworks */,
			);
			runOnlyForDeploymentPostprocessing = 0;
		};
		DC5357E41B0DC19600AC3D6D /* Frameworks */ = {
			isa = PBXFrameworksBuildPhase;
			buildActionMask = 2147483647;
			files = (
			);
			runOnlyForDeploymentPostprocessing = 0;
		};
/* End PBXFrameworksBuildPhase section */

/* Begin PBXGroup section */
		DC2361E91B0F6D5300BC853D /* 圆盘 */ = {
			isa = PBXGroup;
			children = (
				DC2361EA1B0F6D5300BC853D /* 1.mp3 */,
				DC2361EB1B0F6D5300BC853D /* 2.mp3 */,
				DC2361EC1B0F6D5300BC853D /* 3.mp3 */,
				DC2361ED1B0F6D5300BC853D /* 4.mp3 */,
				DC2361EE1B0F6D5300BC853D /* 5.mp3 */,
			);
			path = "圆盘";
			sourceTree = "<group>";
		};
		DC2361EF1B0F6D5300BC853D /* 主曲 */ = {
			isa = PBXGroup;
			children = (
				DC2361F01B0F6D5300BC853D /* m1.mp3 */,
				DC2361F11B0F6D5300BC853D /* m2.mp3 */,
				DC2361F21B0F6D5300BC853D /* m3.mp3 */,
			);
			path = "主曲";
			sourceTree = "<group>";
		};
		DC5357C51B0DC19600AC3D6D = {
			isa = PBXGroup;
			children = (
				DC5357D01B0DC19600AC3D6D /* Midi */,
				DC5357EA1B0DC19600AC3D6D /* MidiTests */,
				DC5357CF1B0DC19600AC3D6D /* Products */,
			);
			sourceTree = "<group>";
		};
		DC5357CF1B0DC19600AC3D6D /* Products */ = {
			isa = PBXGroup;
			children = (
				DC5357CE1B0DC19600AC3D6D /* Midi.app */,
				DC5357E71B0DC19600AC3D6D /* MidiTests.xctest */,
			);
			name = Products;
			sourceTree = "<group>";
		};
		DC5357D01B0DC19600AC3D6D /* Midi */ = {
			isa = PBXGroup;
			children = (
				DC5358421B0E2A9B00AC3D6D /* AudioEngine */,
				DC53582A1B0DCCE800AC3D6D /* Frameworks */,
				DC5358311B0DD1B100AC3D6D /* Bluno */,
				DC5358221B0DC6B000AC3D6D /* MHRotaryKnob */,
				DC5357D51B0DC19600AC3D6D /* AppDelegate.h */,
				DC5357D61B0DC19600AC3D6D /* AppDelegate.m */,
				DC5357D81B0DC19600AC3D6D /* ViewController.h */,
				DC5357D91B0DC19600AC3D6D /* ViewController.m */,
				DC5357DB1B0DC19600AC3D6D /* Main.storyboard */,
				DC5357DE1B0DC19600AC3D6D /* Images.xcassets */,
				DC5357E01B0DC19600AC3D6D /* LaunchScreen.xib */,
				DC5357D11B0DC19600AC3D6D /* Supporting Files */,
			);
			path = Midi;
			sourceTree = "<group>";
		};
		DC5357D11B0DC19600AC3D6D /* Supporting Files */ = {
			isa = PBXGroup;
			children = (
				DC5358101B0DC31400AC3D6D /* music */,
				DC5357F71B0DC26C00AC3D6D /* Image */,
				DC5357D21B0DC19600AC3D6D /* Info.plist */,
				DC5357D31B0DC19600AC3D6D /* main.m */,
			);
			name = "Supporting Files";
			sourceTree = "<group>";
		};
		DC5357EA1B0DC19600AC3D6D /* MidiTests */ = {
			isa = PBXGroup;
			children = (
				DC5357ED1B0DC19600AC3D6D /* MidiTests.m */,
				DC5357EB1B0DC19600AC3D6D /* Supporting Files */,
			);
			path = MidiTests;
			sourceTree = "<group>";
		};
		DC5357EB1B0DC19600AC3D6D /* Supporting Files */ = {
			isa = PBXGroup;
			children = (
				DC5357EC1B0DC19600AC3D6D /* Info.plist */,
			);
			name = "Supporting Files";
			sourceTree = "<group>";
		};
		DC5357F71B0DC26C00AC3D6D /* Image */ = {
			isa = PBXGroup;
			children = (
				DC5357FE1B0DC2F800AC3D6D /* album cover */,
				DC5358021B0DC2F800AC3D6D /* png pic */,
			);
			name = Image;
			sourceTree = "<group>";
		};
		DC5357FE1B0DC2F800AC3D6D /* album cover */ = {
			isa = PBXGroup;
			children = (
				DC5357FF1B0DC2F800AC3D6D /* black light-01.png */,
				DC5358001B0DC2F800AC3D6D /* dph-01.png */,
				DC5358011B0DC2F800AC3D6D /* ttu-01.png */,
			);
			path = "album cover";
			sourceTree = "<group>";
		};
		DC5358021B0DC2F800AC3D6D /* png pic */ = {
			isa = PBXGroup;
			children = (
				DC2361E71B0F6C1A00BC853D /* zz@2x.png */,
				DC5358031B0DC2F800AC3D6D /* midi1.png */,
				DC5358041B0DC2F800AC3D6D /* midi2.png */,
				DC5358051B0DC2F800AC3D6D /* midi3.png */,
				DC5358061B0DC2F800AC3D6D /* midi3yuan-01.png */,
				DC5358071B0DC2F800AC3D6D /* midi4.png */,
			);
			path = "png pic";
			sourceTree = "<group>";
		};
		DC5358101B0DC31400AC3D6D /* music */ = {
			isa = PBXGroup;
			children = (
				DC2361E91B0F6D5300BC853D /* 圆盘 */,
				DC2361EF1B0F6D5300BC853D /* 主曲 */,
				DC2361E11B0F66C700BC853D /* drumLoop.caf */,
				DC2361E21B0F66C700BC853D /* marimbaLoop.caf */,
				DC53585C1B0E428000AC3D6D /* guitdo.wav */,
				DC5358461B0E412900AC3D6D /* bass_guitar1.wav */,
				DC5358471B0E412900AC3D6D /* bass_guitar2.wav */,
				DC5358481B0E412900AC3D6D /* bass_guitar3.wav */,
				DC5358491B0E412900AC3D6D /* bass_guitar4.wav */,
				DC53584A1B0E412900AC3D6D /* bass_guitar5.wav */,
				DC53584B1B0E412900AC3D6D /* electric_guitar.wav */,
				DC53584C1B0E412900AC3D6D /* electric_guitar1.wav */,
				DC53584D1B0E412900AC3D6D /* electric_guitar2.wav */,
				DC53584E1B0E412900AC3D6D /* electric_guitar3.wav */,
				DC53584F1B0E412900AC3D6D /* electric_guitar4.wav */,
				DC5358111B0DC31400AC3D6D /* 5songs */,
				DC5358171B0DC31400AC3D6D /* Black Light.mp3 */,
				DC5358181B0DC31400AC3D6D /* DPH.wav */,
				DC5358191B0DC31400AC3D6D /* TTU (Too Turnt Up).mp3 */,
			);
			path = music;
			sourceTree = "<group>";
		};
		DC5358111B0DC31400AC3D6D /* 5songs */ = {
			isa = PBXGroup;
			children = (
				DC5358121B0DC31400AC3D6D /* 1.mp3 */,
				DC5358131B0DC31400AC3D6D /* 2.mp3 */,
				DC5358141B0DC31400AC3D6D /* 3.mp3 */,
				DC5358151B0DC31400AC3D6D /* 4.mp3 */,
				DC5358161B0DC31400AC3D6D /* 5.mp3 */,
			);
			path = 5songs;
			sourceTree = "<group>";
		};
		DC5358221B0DC6B000AC3D6D /* MHRotaryKnob */ = {
			isa = PBXGroup;
			children = (
				DC5358231B0DC6B000AC3D6D /* MHRotaryKnob.h */,
				DC5358241B0DC6B000AC3D6D /* MHRotaryKnob.m */,
			);
			path = MHRotaryKnob;
			sourceTree = "<group>";
		};
		DC53582A1B0DCCE800AC3D6D /* Frameworks */ = {
			isa = PBXGroup;
			children = (
				DC53582F1B0DD00500AC3D6D /* AVFoundation.framework */,
				DC53582D1B0DCFFD00AC3D6D /* CoreBluetooth.framework */,
				DC53582B1B0DCCFB00AC3D6D /* QuartzCore.framework */,
			);
			name = Frameworks;
			sourceTree = "<group>";
		};
		DC5358311B0DD1B100AC3D6D /* Bluno */ = {
			isa = PBXGroup;
			children = (
				DC5358321B0DD1B100AC3D6D /* Core */,
				DC5358371B0DD1B100AC3D6D /* DFBlunoDevice.h */,
				DC5358381B0DD1B100AC3D6D /* DFBlunoDevice.m */,
				DC5358391B0DD1B100AC3D6D /* DFBlunoManager.h */,
				DC53583A1B0DD1B100AC3D6D /* DFBlunoManager.m */,
			);
			path = Bluno;
			sourceTree = "<group>";
		};
		DC5358321B0DD1B100AC3D6D /* Core */ = {
			isa = PBXGroup;
			children = (
				DC5358331B0DD1B100AC3D6D /* BLEDevice.h */,
				DC5358341B0DD1B100AC3D6D /* BLEDevice.m */,
				DC5358351B0DD1B100AC3D6D /* BLEUtility.h */,
				DC5358361B0DD1B100AC3D6D /* BLEUtility.m */,
			);
			path = Core;
			sourceTree = "<group>";
		};
		DC5358421B0E2A9B00AC3D6D /* AudioEngine */ = {
			isa = PBXGroup;
			children = (
				DC5358431B0E2D9000AC3D6D /* AudioEngine.h */,
				DC5358441B0E2D9000AC3D6D /* AudioEngine.m */,
			);
			name = AudioEngine;
			sourceTree = "<group>";
		};
/* End PBXGroup section */

/* Begin PBXNativeTarget section */
		DC5357CD1B0DC19600AC3D6D /* Midi */ = {
			isa = PBXNativeTarget;
			buildConfigurationList = DC5357F11B0DC19600AC3D6D /* Build configuration list for PBXNativeTarget "Midi" */;
			buildPhases = (
				DC5357CA1B0DC19600AC3D6D /* Sources */,
				DC5357CB1B0DC19600AC3D6D /* Frameworks */,
				DC5357CC1B0DC19600AC3D6D /* Resources */,
			);
			buildRules = (
			);
			dependencies = (
			);
			name = Midi;
			productName = Midi;
			productReference = DC5357CE1B0DC19600AC3D6D /* Midi.app */;
			productType = "com.apple.product-type.application";
		};
		DC5357E61B0DC19600AC3D6D /* MidiTests */ = {
			isa = PBXNativeTarget;
			buildConfigurationList = DC5357F41B0DC19600AC3D6D /* Build configuration list for PBXNativeTarget "MidiTests" */;
			buildPhases = (
				DC5357E31B0DC19600AC3D6D /* Sources */,
				DC5357E41B0DC19600AC3D6D /* Frameworks */,
				DC5357E51B0DC19600AC3D6D /* Resources */,
			);
			buildRules = (
			);
			dependencies = (
				DC5357E91B0DC19600AC3D6D /* PBXTargetDependency */,
			);
			name = MidiTests;
			productName = MidiTests;
			productReference = DC5357E71B0DC19600AC3D6D /* MidiTests.xctest */;
			productType = "com.apple.product-type.bundle.unit-test";
		};
/* End PBXNativeTarget section */

/* Begin PBXProject section */
		DC5357C61B0DC19600AC3D6D /* Project object */ = {
			isa = PBXProject;
			attributes = {
				LastUpgradeCheck = 0630;
				ORGANIZATIONNAME = wewing;
				TargetAttributes = {
					DC5357CD1B0DC19600AC3D6D = {
						CreatedOnToolsVersion = 6.3.1;
						SystemCapabilities = {
							com.apple.BackgroundModes = {
								enabled = 1;
							};
						};
					};
					DC5357E61B0DC19600AC3D6D = {
						CreatedOnToolsVersion = 6.3.1;
						TestTargetID = DC5357CD1B0DC19600AC3D6D;
					};
				};
			};
			buildConfigurationList = DC5357C91B0DC19600AC3D6D /* Build configuration list for PBXProject "Midi" */;
			compatibilityVersion = "Xcode 3.2";
			developmentRegion = English;
			hasScannedForEncodings = 0;
			knownRegions = (
				en,
				Base,
			);
			mainGroup = DC5357C51B0DC19600AC3D6D;
			productRefGroup = DC5357CF1B0DC19600AC3D6D /* Products */;
			projectDirPath = "";
			projectRoot = "";
			targets = (
				DC5357CD1B0DC19600AC3D6D /* Midi */,
				DC5357E61B0DC19600AC3D6D /* MidiTests */,
			);
		};
/* End PBXProject section */

/* Begin PBXResourcesBuildPhase section */
		DC5357CC1B0DC19600AC3D6D /* Resources */ = {
			isa = PBXResourcesBuildPhase;
			buildActionMask = 2147483647;
			files = (
				DC53581A1B0DC31400AC3D6D /* 1.mp3 in Resources */,
				DC5358541B0E412900AC3D6D /* bass_guitar5.wav in Resources */,
				DC53580B1B0DC2F800AC3D6D /* midi1.png in Resources */,
				DC53580C1B0DC2F800AC3D6D /* midi2.png in Resources */,
				DC2361E81B0F6C1A00BC853D /* zz@2x.png in Resources */,
				DC2361F61B0F6D5300BC853D /* 4.mp3 in Resources */,
				DC5358201B0DC31400AC3D6D /* DPH.wav in Resources */,
				DC53581D1B0DC31400AC3D6D /* 4.mp3 in Resources */,
				DC53581B1B0DC31400AC3D6D /* 2.mp3 in Resources */,
				DC53580F1B0DC2F800AC3D6D /* midi4.png in Resources */,
				DC5358531B0E412900AC3D6D /* bass_guitar4.wav in Resources */,
				DC2361F31B0F6D5300BC853D /* 1.mp3 in Resources */,
				DC5358551B0E412900AC3D6D /* electric_guitar.wav in Resources */,
				DC2361F81B0F6D5300BC853D /* m1.mp3 in Resources */,
				DC2361F41B0F6D5300BC853D /* 2.mp3 in Resources */,
				DC53580D1B0DC2F800AC3D6D /* midi3.png in Resources */,
				DC53581F1B0DC31400AC3D6D /* Black Light.mp3 in Resources */,
				DC5358211B0DC31400AC3D6D /* TTU (Too Turnt Up).mp3 in Resources */,
				DC5358081B0DC2F800AC3D6D /* black light-01.png in Resources */,
				DC5358591B0E412900AC3D6D /* electric_guitar4.wav in Resources */,
				DC53581E1B0DC31400AC3D6D /* 5.mp3 in Resources */,
				DC5358511B0E412900AC3D6D /* bass_guitar2.wav in Resources */,
				DC53585D1B0E428000AC3D6D /* guitdo.wav in Resources */,
				DC5357DD1B0DC19600AC3D6D /* Main.storyboard in Resources */,
				DC2361E41B0F66C700BC853D /* marimbaLoop.caf in Resources */,
				DC53581C1B0DC31400AC3D6D /* 3.mp3 in Resources */,
				DC5358581B0E412900AC3D6D /* electric_guitar3.wav in Resources */,
				DC2361FA1B0F6D5300BC853D /* m3.mp3 in Resources */,
				DC53580A1B0DC2F800AC3D6D /* ttu-01.png in Resources */,
				DC53580E1B0DC2F800AC3D6D /* midi3yuan-01.png in Resources */,
				DC2361F71B0F6D5300BC853D /* 5.mp3 in Resources */,
				DC5357E21B0DC19600AC3D6D /* LaunchScreen.xib in Resources */,
				DC5358571B0E412900AC3D6D /* electric_guitar2.wav in Resources */,
				DC2361E31B0F66C700BC853D /* drumLoop.caf in Resources */,
				DC2361F51B0F6D5300BC853D /* 3.mp3 in Resources */,
				DC5358521B0E412900AC3D6D /* bass_guitar3.wav in Resources */,
				DC2361F91B0F6D5300BC853D /* m2.mp3 in Resources */,
				DC5358561B0E412900AC3D6D /* electric_guitar1.wav in Resources */,
				DC5358091B0DC2F800AC3D6D /* dph-01.png in Resources */,
				DC5357DF1B0DC19600AC3D6D /* Images.xcassets in Resources */,
				DC5358501B0E412900AC3D6D /* bass_guitar1.wav in Resources */,
			);
			runOnlyForDeploymentPostprocessing = 0;
		};
		DC5357E51B0DC19600AC3D6D /* Resources */ = {
			isa = PBXResourcesBuildPhase;
			buildActionMask = 2147483647;
			files = (
			);
			runOnlyForDeploymentPostprocessing = 0;
		};
/* End PBXResourcesBuildPhase section */

/* Begin PBXSourcesBuildPhase section */
		DC5357CA1B0DC19600AC3D6D /* Sources */ = {
			isa = PBXSourcesBuildPhase;
			buildActionMask = 2147483647;
			files = (
				DC53583E1B0DD1B100AC3D6D /* DFBlunoManager.m in Sources */,
				DC53583C1B0DD1B100AC3D6D /* BLEUtility.m in Sources */,
				DC53583D1B0DD1B100AC3D6D /* DFBlunoDevice.m in Sources */,
				DC5358451B0E2D9000AC3D6D /* AudioEngine.m in Sources */,
				DC5357DA1B0DC19600AC3D6D /* ViewController.m in Sources */,
				DC53583B1B0DD1B100AC3D6D /* BLEDevice.m in Sources */,
				DC5358251B0DC6B000AC3D6D /* MHRotaryKnob.m in Sources */,
				DC5357D71B0DC19600AC3D6D /* AppDelegate.m in Sources */,
				DC5357D41B0DC19600AC3D6D /* main.m in Sources */,
			);
			runOnlyForDeploymentPostprocessing = 0;
		};
		DC5357E31B0DC19600AC3D6D /* Sources */ = {
			isa = PBXSourcesBuildPhase;
			buildActionMask = 2147483647;
			files = (
				DC5357EE1B0DC19600AC3D6D /* MidiTests.m in Sources */,
			);
			runOnlyForDeploymentPostprocessing = 0;
		};
/* End PBXSourcesBuildPhase section */

/* Begin PBXTargetDependency section */
		DC5357E91B0DC19600AC3D6D /* PBXTargetDependency */ = {
			isa = PBXTargetDependency;
			target = DC5357CD1B0DC19600AC3D6D /* Midi */;
			targetProxy = DC5357E81B0DC19600AC3D6D /* PBXContainerItemProxy */;
		};
/* End PBXTargetDependency section */

/* Begin PBXVariantGroup section */
		DC5357DB1B0DC19600AC3D6D /* Main.storyboard */ = {
			isa = PBXVariantGroup;
			children = (
				DC5357DC1B0DC19600AC3D6D /* Base */,
			);
			name = Main.storyboard;
			sourceTree = "<group>";
		};
		DC5357E01B0DC19600AC3D6D /* LaunchScreen.xib */ = {
			isa = PBXVariantGroup;
			children = (
				DC5357E11B0DC19600AC3D6D /* Base */,
			);
			name = LaunchScreen.xib;
			sourceTree = "<group>";
		};
/* End PBXVariantGroup section */

/* Begin XCBuildConfiguration section */
		DC5357EF1B0DC19600AC3D6D /* Debug */ = {
			isa = XCBuildConfiguration;
			buildSettings = {
				ALWAYS_SEARCH_USER_PATHS = NO;
				CLANG_CXX_LANGUAGE_STANDARD = "gnu++0x";
				CLANG_CXX_LIBRARY = "libc++";
				CLANG_ENABLE_MODULES = YES;
				CLANG_ENABLE_OBJC_ARC = YES;
				CLANG_WARN_BOOL_CONVERSION = YES;
				CLANG_WARN_CONSTANT_CONVERSION = YES;
				CLANG_WARN_DIRECT_OBJC_ISA_USAGE = YES_ERROR;
				CLANG_WARN_EMPTY_BODY = YES;
				CLANG_WARN_ENUM_CONVERSION = YES;
				CLANG_WARN_INT_CONVERSION = YES;
				CLANG_WARN_OBJC_ROOT_CLASS = YES_ERROR;
				CLANG_WARN_UNREACHABLE_CODE = YES;
				CLANG_WARN__DUPLICATE_METHOD_MATCH = YES;
				"CODE_SIGN_IDENTITY[sdk=iphoneos*]" = "iPhone Developer";
				COPY_PHASE_STRIP = NO;
				DEBUG_INFORMATION_FORMAT = "dwarf-with-dsym";
				ENABLE_STRICT_OBJC_MSGSEND = YES;
				GCC_C_LANGUAGE_STANDARD = gnu99;
				GCC_DYNAMIC_NO_PIC = NO;
				GCC_NO_COMMON_BLOCKS = YES;
				GCC_OPTIMIZATION_LEVEL = 0;
				GCC_PREPROCESSOR_DEFINITIONS = (
					"DEBUG=1",
					"$(inherited)",
				);
				GCC_SYMBOLS_PRIVATE_EXTERN = NO;
				GCC_WARN_64_TO_32_BIT_CONVERSION = YES;
				GCC_WARN_ABOUT_RETURN_TYPE = YES_ERROR;
				GCC_WARN_UNDECLARED_SELECTOR = YES;
				GCC_WARN_UNINITIALIZED_AUTOS = YES_AGGRESSIVE;
				GCC_WARN_UNUSED_FUNCTION = YES;
				GCC_WARN_UNUSED_VARIABLE = YES;
				IPHONEOS_DEPLOYMENT_TARGET = 8.3;
				MTL_ENABLE_DEBUG_INFO = YES;
				ONLY_ACTIVE_ARCH = YES;
				SDKROOT = iphoneos;
			};
			name = Debug;
		};
		DC5357F01B0DC19600AC3D6D /* Release */ = {
			isa = XCBuildConfiguration;
			buildSettings = {
				ALWAYS_SEARCH_USER_PATHS = NO;
				CLANG_CXX_LANGUAGE_STANDARD = "gnu++0x";
				CLANG_CXX_LIBRARY = "libc++";
				CLANG_ENABLE_MODULES = YES;
				CLANG_ENABLE_OBJC_ARC = YES;
				CLANG_WARN_BOOL_CONVERSION = YES;
				CLANG_WARN_CONSTANT_CONVERSION = YES;
				CLANG_WARN_DIRECT_OBJC_ISA_USAGE = YES_ERROR;
				CLANG_WARN_EMPTY_BODY = YES;
				CLANG_WARN_ENUM_CONVERSION = YES;
				CLANG_WARN_INT_CONVERSION = YES;
				CLANG_WARN_OBJC_ROOT_CLASS = YES_ERROR;
				CLANG_WARN_UNREACHABLE_CODE = YES;
				CLANG_WARN__DUPLICATE_METHOD_MATCH = YES;
				"CODE_SIGN_IDENTITY[sdk=iphoneos*]" = "iPhone Developer";
				COPY_PHASE_STRIP = NO;
				DEBUG_INFORMATION_FORMAT = "dwarf-with-dsym";
				ENABLE_NS_ASSERTIONS = NO;
				ENABLE_STRICT_OBJC_MSGSEND = YES;
				GCC_C_LANGUAGE_STANDARD = gnu99;
				GCC_NO_COMMON_BLOCKS = YES;
				GCC_WARN_64_TO_32_BIT_CONVERSION = YES;
				GCC_WARN_ABOUT_RETURN_TYPE = YES_ERROR;
				GCC_WARN_UNDECLARED_SELECTOR = YES;
				GCC_WARN_UNINITIALIZED_AUTOS = YES_AGGRESSIVE;
				GCC_WARN_UNUSED_FUNCTION = YES;
				GCC_WARN_UNUSED_VARIABLE = YES;
				IPHONEOS_DEPLOYMENT_TARGET = 8.3;
				MTL_ENABLE_DEBUG_INFO = NO;
				SDKROOT = iphoneos;
				VALIDATE_PRODUCT = YES;
			};
			name = Release;
		};
		DC5357F21B0DC19600AC3D6D /* Debug */ = {
			isa = XCBuildConfiguration;
			buildSettings = {
				ASSETCATALOG_COMPILER_APPICON_NAME = AppIcon;
				INFOPLIST_FILE = Midi/Info.plist;
				IPHONEOS_DEPLOYMENT_TARGET = 8.1;
				LD_RUNPATH_SEARCH_PATHS = "$(inherited) @executable_path/Frameworks";
				PRODUCT_NAME = "$(TARGET_NAME)";
			};
			name = Debug;
		};
		DC5357F31B0DC19600AC3D6D /* Release */ = {
			isa = XCBuildConfiguration;
			buildSettings = {
				ASSETCATALOG_COMPILER_APPICON_NAME = AppIcon;
				INFOPLIST_FILE = Midi/Info.plist;
				IPHONEOS_DEPLOYMENT_TARGET = 8.1;
				LD_RUNPATH_SEARCH_PATHS = "$(inherited) @executable_path/Frameworks";
				PRODUCT_NAME = "$(TARGET_NAME)";
			};
			name = Release;
		};
		DC5357F51B0DC19600AC3D6D /* Debug */ = {
			isa = XCBuildConfiguration;
			buildSettings = {
				BUNDLE_LOADER = "$(TEST_HOST)";
				FRAMEWORK_SEARCH_PATHS = (
					"$(SDKROOT)/Developer/Library/Frameworks",
					"$(inherited)",
				);
				GCC_PREPROCESSOR_DEFINITIONS = (
					"DEBUG=1",
					"$(inherited)",
				);
				INFOPLIST_FILE = MidiTests/Info.plist;
				LD_RUNPATH_SEARCH_PATHS = "$(inherited) @executable_path/Frameworks @loader_path/Frameworks";
				PRODUCT_NAME = "$(TARGET_NAME)";
				TEST_HOST = "$(BUILT_PRODUCTS_DIR)/Midi.app/Midi";
			};
			name = Debug;
		};
		DC5357F61B0DC19600AC3D6D /* Release */ = {
			isa = XCBuildConfiguration;
			buildSettings = {
				BUNDLE_LOADER = "$(TEST_HOST)";
				FRAMEWORK_SEARCH_PATHS = (
					"$(SDKROOT)/Developer/Library/Frameworks",
					"$(inherited)",
				);
				INFOPLIST_FILE = MidiTests/Info.plist;
				LD_RUNPATH_SEARCH_PATHS = "$(inherited) @executable_path/Frameworks @loader_path/Frameworks";
				PRODUCT_NAME = "$(TARGET_NAME)";
				TEST_HOST = "$(BUILT_PRODUCTS_DIR)/Midi.app/Midi";
			};
			name = Release;
		};
/* End XCBuildConfiguration section */

/* Begin XCConfigurationList section */
		DC5357C91B0DC19600AC3D6D /* Build configuration list for PBXProject "Midi" */ = {
			isa = XCConfigurationList;
			buildConfigurations = (
				DC5357EF1B0DC19600AC3D6D /* Debug */,
				DC5357F01B0DC19600AC3D6D /* Release */,
			);
			defaultConfigurationIsVisible = 0;
			defaultConfigurationName = Release;
		};
		DC5357F11B0DC19600AC3D6D /* Build configuration list for PBXNativeTarget "Midi" */ = {
			isa = XCConfigurationList;
			buildConfigurations = (
				DC5357F21B0DC19600AC3D6D /* Debug */,
				DC5357F31B0DC19600AC3D6D /* Release */,
			);
			defaultConfigurationIsVisible = 0;
			defaultConfigurationName = Release;
		};
		DC5357F41B0DC19600AC3D6D /* Build configuration list for PBXNativeTarget "MidiTests" */ = {
			isa = XCConfigurationList;
			buildConfigurations = (
				DC5357F51B0DC19600AC3D6D /* Debug */,
				DC5357F61B0DC19600AC3D6D /* Release */,
			);
			defaultConfigurationIsVisible = 0;
			defaultConfigurationName = Release;
		};
/* End XCConfigurationList section */
	};
	rootObject = DC5357C61B0DC19600AC3D6D /* Project object */;
}
